
Microsoft Visual Studio Solution File, Format Version 12.00
# Visual Studio Version 16
VisualStudioVersion = 16.0.29102.190
MinimumVisualStudioVersion = 10.0.40219.1
Project("{F184B08F-C81C-45F6-A57F-5ABD9991F28F}") = "OOPStack", "OOPStack\OOPStack.vbproj", "{DB647E98-1A0E-4C88-8C5A-AD97C0637771}"
EndProject
Global
	GlobalSection(SolutionConfigurationPlatforms) = preSolution
		Debug|Any CPU = Debug|Any CPU
		Release|Any CPU = Release|Any CPU
	EndGlobalSection
	GlobalSection(ProjectConfigurationPlatforms) = postSolution
		{DB647E98-1A0E-4C88-8C5A-AD97C0637771}.Debug|Any CPU.ActiveCfg = Debug|Any CPU
		{DB647E98-1A0E-4C88-8C5A-AD97C0637771}.Debug|Any CPU.Build.0 = Debug|Any CPU
		{DB647E98-1A0E-4C88-8C5A-AD97C0637771}.Release|Any CPU.ActiveCfg = Release|Any CPU
		{DB647E98-1A0E-4C88-8C5A-AD97C0637771}.Release|Any CPU.Build.0 = Release|Any CPU
	EndGlobalSection
	GlobalSection(SolutionProperties) = preSolution
		HideSolutionNode = FALSE
	EndGlobalSection
	GlobalSection(ExtensibilityGlobals) = postSolution
		SolutionGuid = {16D95645-02F9-41FC-B1F4-DD9463154201}
	EndGlobalSection
EndGlobal
